// !$*UTF8*$!
{
	archiveVersion = 1;
	classes = {
	};
	objectVersion = 55;
	objects = {

/* Begin PBXBuildFile section */
		872A804B28A053AE00917765 /* FirstVC.swift in Sources */ = {isa = PBXBuildFile; fileRef = 872A804A28A053AE00917765 /* FirstVC.swift */; };
		8785B3902897F3DA00D941AD /* SignInVC.swift in Sources */ = {isa = PBXBuildFile; fileRef = 8785B38F2897F3DA00D941AD /* SignInVC.swift */; };
		879696FC289AF6B800DDE12C /* UIVeiwControllerExtensions.swift in Sources */ = {isa = PBXBuildFile; fileRef = 879696FB289AF6B800DDE12C /* UIVeiwControllerExtensions.swift */; };
		879696FF289B0A7F00DDE12C /* UserModel.swift in Sources */ = {isa = PBXBuildFile; fileRef = 879696FE289B0A7F00DDE12C /* UserModel.swift */; };
		87969701289B0CB500DDE12C /* CodeVerifVC.swift in Sources */ = {isa = PBXBuildFile; fileRef = 87969700289B0CB500DDE12C /* CodeVerifVC.swift */; };
		879DE52A289976AC00905C2A /* SignUpStoryboard.storyboard in Resources */ = {isa = PBXBuildFile; fileRef = 879DE529289976AC00905C2A /* SignUpStoryboard.storyboard */; };
		879DE52E2899926500905C2A /* SignUpVC.swift in Sources */ = {isa = PBXBuildFile; fileRef = 879DE52D2899926500905C2A /* SignUpVC.swift */; };
		879DE53128999DD400905C2A /* VerificationService.swift in Sources */ = {isa = PBXBuildFile; fileRef = 879DE53028999DD400905C2A /* VerificationService.swift */; };
		87C2BE0F289C427E0059055C /* AppDelegate.swift in Sources */ = {isa = PBXBuildFile; fileRef = 87C2BE0E289C427E0059055C /* AppDelegate.swift */; };
		87C2BE11289C436A0059055C /* SceneDelegate.swift in Sources */ = {isa = PBXBuildFile; fileRef = 87C2BE10289C436A0059055C /* SceneDelegate.swift */; };
		87E0348C2897BA9400E53FA3 /* Main.storyboard in Resources */ = {isa = PBXBuildFile; fileRef = 87E0348A2897BA9400E53FA3 /* Main.storyboard */; };
		87E0348E2897BA9900E53FA3 /* Assets.xcassets in Resources */ = {isa = PBXBuildFile; fileRef = 87E0348D2897BA9900E53FA3 /* Assets.xcassets */; };
		87E034912897BA9900E53FA3 /* LaunchScreen.storyboard in Resources */ = {isa = PBXBuildFile; fileRef = 87E0348F2897BA9900E53FA3 /* LaunchScreen.storyboard */; };
		87E034992897EE4100E53FA3 /* SignInStoryboard.storyboard in Resources */ = {isa = PBXBuildFile; fileRef = 87E034982897EE4100E53FA3 /* SignInStoryboard.storyboard */; };
		87E661F3289ECC840098B716 /* WelcomVC.swift in Sources */ = {isa = PBXBuildFile; fileRef = 87E661F2289ECC840098B716 /* WelcomVC.swift */; };
		87E661F5289ED3130098B716 /* UserDefault.swift in Sources */ = {isa = PBXBuildFile; fileRef = 87E661F4289ED3130098B716 /* UserDefault.swift */; };
		87E661F7289ED96B0098B716 /* UserDefaultsExt.swift in Sources */ = {isa = PBXBuildFile; fileRef = 87E661F6289ED96B0098B716 /* UserDefaultsExt.swift */; };
		87E661F9289EEE8C0098B716 /* ProfileVC.swift in Sources */ = {isa = PBXBuildFile; fileRef = 87E661F8289EEE8C0098B716 /* ProfileVC.swift */; };
/* End PBXBuildFile section */

/* Begin PBXFileReference section */
		872A804A28A053AE00917765 /* FirstVC.swift */ = {isa = PBXFileReference; lastKnownFileType = sourcecode.swift; path = FirstVC.swift; sourceTree = "<group>"; };
		8785B38F2897F3DA00D941AD /* SignInVC.swift */ = {isa = PBXFileReference; lastKnownFileType = sourcecode.swift; path = SignInVC.swift; sourceTree = "<group>"; };
		879696FB289AF6B800DDE12C /* UIVeiwControllerExtensions.swift */ = {isa = PBXFileReference; lastKnownFileType = sourcecode.swift; path = UIVeiwControllerExtensions.swift; sourceTree = "<group>"; };
		879696FE289B0A7F00DDE12C /* UserModel.swift */ = {isa = PBXFileReference; lastKnownFileType = sourcecode.swift; path = UserModel.swift; sourceTree = "<group>"; };
		87969700289B0CB500DDE12C /* CodeVerifVC.swift */ = {isa = PBXFileReference; lastKnownFileType = sourcecode.swift; path = CodeVerifVC.swift; sourceTree = "<group>"; };
		879DE529289976AC00905C2A /* SignUpStoryboard.storyboard */ = {isa = PBXFileReference; lastKnownFileType = file.storyboard; path = SignUpStoryboard.storyboard; sourceTree = "<group>"; };
		879DE52D2899926500905C2A /* SignUpVC.swift */ = {isa = PBXFileReference; lastKnownFileType = sourcecode.swift; path = SignUpVC.swift; sourceTree = "<group>"; };
		879DE53028999DD400905C2A /* VerificationService.swift */ = {isa = PBXFileReference; lastKnownFileType = sourcecode.swift; path = VerificationService.swift; sourceTree = "<group>"; };
		87C2BE0E289C427E0059055C /* AppDelegate.swift */ = {isa = PBXFileReference; fileEncoding = 4; lastKnownFileType = sourcecode.swift; path = AppDelegate.swift; sourceTree = "<group>"; };
		87C2BE10289C436A0059055C /* SceneDelegate.swift */ = {isa = PBXFileReference; fileEncoding = 4; lastKnownFileType = sourcecode.swift; path = SceneDelegate.swift; sourceTree = "<group>"; };
		87E034812897BA9400E53FA3 /* RegistrationFlow.app */ = {isa = PBXFileReference; explicitFileType = wrapper.application; includeInIndex = 0; path = RegistrationFlow.app; sourceTree = BUILT_PRODUCTS_DIR; };
		87E0348B2897BA9400E53FA3 /* Base */ = {isa = PBXFileReference; lastKnownFileType = file.storyboard; name = Base; path = Base.lproj/Main.storyboard; sourceTree = "<group>"; };
		87E0348D2897BA9900E53FA3 /* Assets.xcassets */ = {isa = PBXFileReference; lastKnownFileType = folder.assetcatalog; path = Assets.xcassets; sourceTree = "<group>"; };
		87E034902897BA9900E53FA3 /* Base */ = {isa = PBXFileReference; lastKnownFileType = file.storyboard; name = Base; path = Base.lproj/LaunchScreen.storyboard; sourceTree = "<group>"; };
		87E034922897BA9900E53FA3 /* Info.plist */ = {isa = PBXFileReference; lastKnownFileType = text.plist.xml; path = Info.plist; sourceTree = "<group>"; };
		87E034982897EE4100E53FA3 /* SignInStoryboard.storyboard */ = {isa = PBXFileReference; lastKnownFileType = file.storyboard; path = SignInStoryboard.storyboard; sourceTree = "<group>"; };
		87E661F2289ECC840098B716 /* WelcomVC.swift */ = {isa = PBXFileReference; lastKnownFileType = sourcecode.swift; path = WelcomVC.swift; sourceTree = "<group>"; };
		87E661F4289ED3130098B716 /* UserDefault.swift */ = {isa = PBXFileReference; lastKnownFileType = sourcecode.swift; path = UserDefault.swift; sourceTree = "<group>"; };
		87E661F6289ED96B0098B716 /* UserDefaultsExt.swift */ = {isa = PBXFileReference; lastKnownFileType = sourcecode.swift; path = UserDefaultsExt.swift; sourceTree = "<group>"; };
		87E661F8289EEE8C0098B716 /* ProfileVC.swift */ = {isa = PBXFileReference; lastKnownFileType = sourcecode.swift; path = ProfileVC.swift; sourceTree = "<group>"; };
/* End PBXFileReference section */

/* Begin PBXFrameworksBuildPhase section */
		87E0347E2897BA9400E53FA3 /* Frameworks */ = {
			isa = PBXFrameworksBuildPhase;
			buildActionMask = 2147483647;
			files = (
			);
			runOnlyForDeploymentPostprocessing = 0;
		};
/* End PBXFrameworksBuildPhase section */

/* Begin PBXGroup section */
		8785B38E2897F35200D941AD /* controllers */ = {
			isa = PBXGroup;
			children = (
				8785B38F2897F3DA00D941AD /* SignInVC.swift */,
				87E661F2289ECC840098B716 /* WelcomVC.swift */,
				87969700289B0CB500DDE12C /* CodeVerifVC.swift */,
				87E661F8289EEE8C0098B716 /* ProfileVC.swift */,
				879DE52D2899926500905C2A /* SignUpVC.swift */,
			);
			path = controllers;
			sourceTree = "<group>";
		};
		879696FA289AF64C00DDE12C /* extensions */ = {
			isa = PBXGroup;
			children = (
				879696FB289AF6B800DDE12C /* UIVeiwControllerExtensions.swift */,
				87E661F6289ED96B0098B716 /* UserDefaultsExt.swift */,
				872A804A28A053AE00917765 /* FirstVC.swift */,
			);
			path = extensions;
			sourceTree = "<group>";
		};
		879696FD289B0A5500DDE12C /* Model */ = {
			isa = PBXGroup;
			children = (
				879696FE289B0A7F00DDE12C /* UserModel.swift */,
			);
			path = Model;
			sourceTree = "<group>";
		};
		879DE52F28999D6800905C2A /* services */ = {
			isa = PBXGroup;
			children = (
				879696FA289AF64C00DDE12C /* extensions */,
				879DE53028999DD400905C2A /* VerificationService.swift */,
				87E661F4289ED3130098B716 /* UserDefault.swift */,
			);
			path = services;
			sourceTree = "<group>";
		};
		87C2BDEB289C28350059055C /* Delegates */ = {
			isa = PBXGroup;
			children = (
			);
			path = Delegates;
			sourceTree = "<group>";
		};
		87E034782897BA9400E53FA3 = {
			isa = PBXGroup;
			children = (
				87E034832897BA9400E53FA3 /* RegistrationFlow */,
				87E034822897BA9400E53FA3 /* Products */,
			);
			sourceTree = "<group>";
		};
		87E034822897BA9400E53FA3 /* Products */ = {
			isa = PBXGroup;
			children = (
				87E034812897BA9400E53FA3 /* RegistrationFlow.app */,
			);
			name = Products;
			sourceTree = "<group>";
		};
		87E034832897BA9400E53FA3 /* RegistrationFlow */ = {
			isa = PBXGroup;
			children = (
				879696FD289B0A5500DDE12C /* Model */,
				879DE52F28999D6800905C2A /* services */,
				8785B38E2897F35200D941AD /* controllers */,
				87C2BDEB289C28350059055C /* Delegates */,
				87E0348A2897BA9400E53FA3 /* Main.storyboard */,
				879DE529289976AC00905C2A /* SignUpStoryboard.storyboard */,
				87E034982897EE4100E53FA3 /* SignInStoryboard.storyboard */,
				87C2BE10289C436A0059055C /* SceneDelegate.swift */,
				87C2BE0E289C427E0059055C /* AppDelegate.swift */,
				87E0348F2897BA9900E53FA3 /* LaunchScreen.storyboard */,
				87E0348D2897BA9900E53FA3 /* Assets.xcassets */,
				87E034922897BA9900E53FA3 /* Info.plist */,
			);
			path = RegistrationFlow;
			sourceTree = "<group>";
		};
/* End PBXGroup section */

/* Begin PBXNativeTarget section */
		87E034802897BA9400E53FA3 /* RegistrationFlow */ = {
			isa = PBXNativeTarget;
			buildConfigurationList = 87E034952897BA9900E53FA3 /* Build configuration list for PBXNativeTarget "RegistrationFlow" */;
			buildPhases = (
				87E0347D2897BA9400E53FA3 /* Sources */,
				87E0347E2897BA9400E53FA3 /* Frameworks */,
				87E0347F2897BA9400E53FA3 /* Resources */,
			);
			buildRules = (
			);
			dependencies = (
			);
			name = RegistrationFlow;
			productName = RegistrationFlow;
			productReference = 87E034812897BA9400E53FA3 /* RegistrationFlow.app */;
			productType = "com.apple.product-type.application";
		};
/* End PBXNativeTarget section */

/* Begin PBXProject section */
		87E034792897BA9400E53FA3 /* Project object */ = {
			isa = PBXProject;
			attributes = {
				BuildIndependentTargetsInParallel = 1;
				LastSwiftUpdateCheck = 1340;
				LastUpgradeCheck = 1340;
				TargetAttributes = {
					87E034802897BA9400E53FA3 = {
						CreatedOnToolsVersion = 13.4.1;
					};
				};
			};
			buildConfigurationList = 87E0347C2897BA9400E53FA3 /* Build configuration list for PBXProject "RegistrationFlow" */;
			compatibilityVersion = "Xcode 13.0";
			developmentRegion = en;
			hasScannedForEncodings = 0;
			knownRegions = (
				en,
				Base,
			);
			mainGroup = 87E034782897BA9400E53FA3;
			productRefGroup = 87E034822897BA9400E53FA3 /* Products */;
			projectDirPath = "";
			projectRoot = "";
			targets = (
				87E034802897BA9400E53FA3 /* RegistrationFlow */,
			);
		};
/* End PBXProject section */

/* Begin PBXResourcesBuildPhase section */
		87E0347F2897BA9400E53FA3 /* Resources */ = {
			isa = PBXResourcesBuildPhase;
			buildActionMask = 2147483647;
			files = (
				879DE52A289976AC00905C2A /* SignUpStoryboard.storyboard in Resources */,
				87E034912897BA9900E53FA3 /* LaunchScreen.storyboard in Resources */,
				87E0348E2897BA9900E53FA3 /* Assets.xcassets in Resources */,
				87E0348C2897BA9400E53FA3 /* Main.storyboard in Resources */,
				87E034992897EE4100E53FA3 /* SignInStoryboard.storyboard in Resources */,
			);
			runOnlyForDeploymentPostprocessing = 0;
		};
/* End PBXResourcesBuildPhase section */

/* Begin PBXSourcesBuildPhase section */
		87E0347D2897BA9400E53FA3 /* Sources */ = {
			isa = PBXSourcesBuildPhase;
			buildActionMask = 2147483647;
			files = (
				87E661F9289EEE8C0098B716 /* ProfileVC.swift in Sources */,
				87C2BE0F289C427E0059055C /* AppDelegate.swift in Sources */,
				879DE52E2899926500905C2A /* SignUpVC.swift in Sources */,
				87E661F5289ED3130098B716 /* UserDefault.swift in Sources */,
				879696FF289B0A7F00DDE12C /* UserModel.swift in Sources */,
				87E661F7289ED96B0098B716 /* UserDefaultsExt.swift in Sources */,
				879DE53128999DD400905C2A /* VerificationService.swift in Sources */,
				87E661F3289ECC840098B716 /* WelcomVC.swift in Sources */,
				879696FC289AF6B800DDE12C /* UIVeiwControllerExtensions.swift in Sources */,
				87969701289B0CB500DDE12C /* CodeVerifVC.swift in Sources */,
				872A804B28A053AE00917765 /* FirstVC.swift in Sources */,
				8785B3902897F3DA00D941AD /* SignInVC.swift in Sources */,
				87C2BE11289C436A0059055C /* SceneDelegate.swift in Sources */,
			);
			runOnlyForDeploymentPostprocessing = 0;
		};
/* End PBXSourcesBuildPhase section */

/* Begin PBXVariantGroup section */
		87E0348A2897BA9400E53FA3 /* Main.storyboard */ = {
			isa = PBXVariantGroup;
			children = (
				87E0348B2897BA9400E53FA3 /* Base */,
			);
			name = Main.storyboard;
			sourceTree = "<group>";
		};
		87E0348F2897BA9900E53FA3 /* LaunchScreen.storyboard */ = {
			isa = PBXVariantGroup;
			children = (
				87E034902897BA9900E53FA3 /* Base */,
			);
			name = LaunchScreen.storyboard;
			sourceTree = "<group>";
		};
/* End PBXVariantGroup section */

/* Begin XCBuildConfiguration section */
		87E034932897BA9900E53FA3 /* Debug */ = {
			isa = XCBuildConfiguration;
			buildSettings = {
				ALWAYS_SEARCH_USER_PATHS = NO;
				CLANG_ANALYZER_NONNULL = YES;
				CLANG_ANALYZER_NUMBER_OBJECT_CONVERSION = YES_AGGRESSIVE;
				CLANG_CXX_LANGUAGE_STANDARD = "gnu++17";
				CLANG_ENABLE_MODULES = YES;
				CLANG_ENABLE_OBJC_ARC = YES;
				CLANG_ENABLE_OBJC_WEAK = YES;
				CLANG_WARN_BLOCK_CAPTURE_AUTORELEASING = YES;
				CLANG_WARN_BOOL_CONVERSION = YES;
				CLANG_WARN_COMMA = YES;
				CLANG_WARN_CONSTANT_CONVERSION = YES;
				CLANG_WARN_DEPRECATED_OBJC_IMPLEMENTATIONS = YES;
				CLANG_WARN_DIRECT_OBJC_ISA_USAGE = YES_ERROR;
				CLANG_WARN_DOCUMENTATION_COMMENTS = YES;
				CLANG_WARN_EMPTY_BODY = YES;
				CLANG_WARN_ENUM_CONVERSION = YES;
				CLANG_WARN_INFINITE_RECURSION = YES;
				CLANG_WARN_INT_CONVERSION = YES;
				CLANG_WARN_NON_LITERAL_NULL_CONVERSION = YES;
				CLANG_WARN_OBJC_IMPLICIT_RETAIN_SELF = YES;
				CLANG_WARN_OBJC_LITERAL_CONVERSION = YES;
				CLANG_WARN_OBJC_ROOT_CLASS = YES_ERROR;
				CLANG_WARN_QUOTED_INCLUDE_IN_FRAMEWORK_HEADER = YES;
				CLANG_WARN_RANGE_LOOP_ANALYSIS = YES;
				CLANG_WARN_STRICT_PROTOTYPES = YES;
				CLANG_WARN_SUSPICIOUS_MOVE = YES;
				CLANG_WARN_UNGUARDED_AVAILABILITY = YES_AGGRESSIVE;
				CLANG_WARN_UNREACHABLE_CODE = YES;
				CLANG_WARN__DUPLICATE_METHOD_MATCH = YES;
				COPY_PHASE_STRIP = NO;
				DEBUG_INFORMATION_FORMAT = dwarf;
				ENABLE_STRICT_OBJC_MSGSEND = YES;
				ENABLE_TESTABILITY = YES;
				GCC_C_LANGUAGE_STANDARD = gnu11;
				GCC_DYNAMIC_NO_PIC = NO;
				GCC_NO_COMMON_BLOCKS = YES;
				GCC_OPTIMIZATION_LEVEL = 0;
				GCC_PREPROCESSOR_DEFINITIONS = (
					"DEBUG=1",
					"$(inherited)",
				);
				GCC_WARN_64_TO_32_BIT_CONVERSION = YES;
				GCC_WARN_ABOUT_RETURN_TYPE = YES_ERROR;
				GCC_WARN_UNDECLARED_SELECTOR = YES;
				GCC_WARN_UNINITIALIZED_AUTOS = YES_AGGRESSIVE;
				GCC_WARN_UNUSED_FUNCTION = YES;
				GCC_WARN_UNUSED_VARIABLE = YES;
				IPHONEOS_DEPLOYMENT_TARGET = 15.5;
				MTL_ENABLE_DEBUG_INFO = INCLUDE_SOURCE;
				MTL_FAST_MATH = YES;
				ONLY_ACTIVE_ARCH = YES;
				SDKROOT = iphoneos;
				SWIFT_ACTIVE_COMPILATION_CONDITIONS = DEBUG;
				SWIFT_OPTIMIZATION_LEVEL = "-Onone";
			};
			name = Debug;
		};
		87E034942897BA9900E53FA3 /* Release */ = {
			isa = XCBuildConfiguration;
			buildSettings = {
				ALWAYS_SEARCH_USER_PATHS = NO;
				CLANG_ANALYZER_NONNULL = YES;
				CLANG_ANALYZER_NUMBER_OBJECT_CONVERSION = YES_AGGRESSIVE;
				CLANG_CXX_LANGUAGE_STANDARD = "gnu++17";
				CLANG_ENABLE_MODULES = YES;
				CLANG_ENABLE_OBJC_ARC = YES;
				CLANG_ENABLE_OBJC_WEAK = YES;
				CLANG_WARN_BLOCK_CAPTURE_AUTORELEASING = YES;
				CLANG_WARN_BOOL_CONVERSION = YES;
				CLANG_WARN_COMMA = YES;
				CLANG_WARN_CONSTANT_CONVERSION = YES;
				CLANG_WARN_DEPRECATED_OBJC_IMPLEMENTATIONS = YES;
				CLANG_WARN_DIRECT_OBJC_ISA_USAGE = YES_ERROR;
				CLANG_WARN_DOCUMENTATION_COMMENTS = YES;
				CLANG_WARN_EMPTY_BODY = YES;
				CLANG_WARN_ENUM_CONVERSION = YES;
				CLANG_WARN_INFINITE_RECURSION = YES;
				CLANG_WARN_INT_CONVERSION = YES;
				CLANG_WARN_NON_LITERAL_NULL_CONVERSION = YES;
				CLANG_WARN_OBJC_IMPLICIT_RETAIN_SELF = YES;
				CLANG_WARN_OBJC_LITERAL_CONVERSION = YES;
				CLANG_WARN_OBJC_ROOT_CLASS = YES_ERROR;
				CLANG_WARN_QUOTED_INCLUDE_IN_FRAMEWORK_HEADER = YES;
				CLANG_WARN_RANGE_LOOP_ANALYSIS = YES;
				CLANG_WARN_STRICT_PROTOTYPES = YES;
				CLANG_WARN_SUSPICIOUS_MOVE = YES;
				CLANG_WARN_UNGUARDED_AVAILABILITY = YES_AGGRESSIVE;
				CLANG_WARN_UNREACHABLE_CODE = YES;
				CLANG_WARN__DUPLICATE_METHOD_MATCH = YES;
				COPY_PHASE_STRIP = NO;
				DEBUG_INFORMATION_FORMAT = "dwarf-with-dsym";
				ENABLE_NS_ASSERTIONS = NO;
				ENABLE_STRICT_OBJC_MSGSEND = YES;
				GCC_C_LANGUAGE_STANDARD = gnu11;
				GCC_NO_COMMON_BLOCKS = YES;
				GCC_WARN_64_TO_32_BIT_CONVERSION = YES;
				GCC_WARN_ABOUT_RETURN_TYPE = YES_ERROR;
				GCC_WARN_UNDECLARED_SELECTOR = YES;
				GCC_WARN_UNINITIALIZED_AUTOS = YES_AGGRESSIVE;
				GCC_WARN_UNUSED_FUNCTION = YES;
				GCC_WARN_UNUSED_VARIABLE = YES;
				IPHONEOS_DEPLOYMENT_TARGET = 15.5;
				MTL_ENABLE_DEBUG_INFO = NO;
				MTL_FAST_MATH = YES;
				SDKROOT = iphoneos;
				SWIFT_COMPILATION_MODE = wholemodule;
				SWIFT_OPTIMIZATION_LEVEL = "-O";
				VALIDATE_PRODUCT = YES;
			};
			name = Release;
		};
		87E034962897BA9900E53FA3 /* Debug */ = {
			isa = XCBuildConfiguration;
			buildSettings = {
				ASSETCATALOG_COMPILER_APPICON_NAME = AppIcon;
				ASSETCATALOG_COMPILER_GLOBAL_ACCENT_COLOR_NAME = AccentColor;
				CODE_SIGN_STYLE = Automatic;
				CURRENT_PROJECT_VERSION = 1;
				DEVELOPMENT_TEAM = D7N23SVPNV;
				GENERATE_INFOPLIST_FILE = YES;
				INFOPLIST_FILE = RegistrationFlow/Info.plist;
				INFOPLIST_KEY_UIApplicationSupportsIndirectInputEvents = YES;
				INFOPLIST_KEY_UILaunchStoryboardName = LaunchScreen;
				INFOPLIST_KEY_UIMainStoryboardFile = SignInStoryboard;
				INFOPLIST_KEY_UISupportedInterfaceOrientations = UIInterfaceOrientationPortrait;
				INFOPLIST_KEY_UISupportedInterfaceOrientations_iPad = "UIInterfaceOrientationPortrait UIInterfaceOrientationPortraitUpsideDown UIInterfaceOrientationLandscapeLeft UIInterfaceOrientationLandscapeRight";
				INFOPLIST_KEY_UISupportedInterfaceOrientations_iPhone = "UIInterfaceOrientationPortrait UIInterfaceOrientationLandscapeLeft UIInterfaceOrientationLandscapeRight";
				LD_RUNPATH_SEARCH_PATHS = (
					"$(inherited)",
					"@executable_path/Frameworks",
				);
				MARKETING_VERSION = 1.0;
				PRODUCT_BUNDLE_IDENTIFIER = sergey.RegistrationFlow;
				PRODUCT_NAME = "$(TARGET_NAME)";
				SWIFT_EMIT_LOC_STRINGS = YES;
				SWIFT_VERSION = 5.0;
				TARGETED_DEVICE_FAMILY = 1;
			};
			name = Debug;
		};
		87E034972897BA9900E53FA3 /* Release */ = {
			isa = XCBuildConfiguration;
			buildSettings = {
				ASSETCATALOG_COMPILER_APPICON_NAME = AppIcon;
				ASSETCATALOG_COMPILER_GLOBAL_ACCENT_COLOR_NAME = AccentColor;
				CODE_SIGN_STYLE = Automatic;
				CURRENT_PROJECT_VERSION = 1;
				DEVELOPMENT_TEAM = D7N23SVPNV;
				GENERATE_INFOPLIST_FILE = YES;
				INFOPLIST_FILE = RegistrationFlow/Info.plist;
				INFOPLIST_KEY_UIApplicationSupportsIndirectInputEvents = YES;
				INFOPLIST_KEY_UILaunchStoryboardName = LaunchScreen;
				INFOPLIST_KEY_UIMainStoryboardFile = SignInStoryboard;
				INFOPLIST_KEY_UISupportedInterfaceOrientations = UIInterfaceOrientationPortrait;
				INFOPLIST_KEY_UISupportedInterfaceOrientations_iPad = "UIInterfaceOrientationPortrait UIInterfaceOrientationPortraitUpsideDown UIInterfaceOrientationLandscapeLeft UIInterfaceOrientationLandscapeRight";
				INFOPLIST_KEY_UISupportedInterfaceOrientations_iPhone = "UIInterfaceOrientationPortrait UIInterfaceOrientationLandscapeLeft UIInterfaceOrientationLandscapeRight";
				LD_RUNPATH_SEARCH_PATHS = (
					"$(inherited)",
					"@executable_path/Frameworks",
				);
				MARKETING_VERSION = 1.0;
				PRODUCT_BUNDLE_IDENTIFIER = sergey.RegistrationFlow;
				PRODUCT_NAME = "$(TARGET_NAME)";
				SWIFT_EMIT_LOC_STRINGS = YES;
				SWIFT_VERSION = 5.0;
				TARGETED_DEVICE_FAMILY = 1;
			};
			name = Release;
		};
/* End XCBuildConfiguration section */

/* Begin XCConfigurationList section */
		87E0347C2897BA9400E53FA3 /* Build configuration list for PBXProject "RegistrationFlow" */ = {
			isa = XCConfigurationList;
			buildConfigurations = (
				87E034932897BA9900E53FA3 /* Debug */,
				87E034942897BA9900E53FA3 /* Release */,
			);
			defaultConfigurationIsVisible = 0;
			defaultConfigurationName = Release;
		};
		87E034952897BA9900E53FA3 /* Build configuration list for PBXNativeTarget "RegistrationFlow" */ = {
			isa = XCConfigurationList;
			buildConfigurations = (
				87E034962897BA9900E53FA3 /* Debug */,
				87E034972897BA9900E53FA3 /* Release */,
			);
			defaultConfigurationIsVisible = 0;
			defaultConfigurationName = Release;
		};
/* End XCConfigurationList section */
	};
	rootObject = 87E034792897BA9400E53FA3 /* Project object */;
}
